
Microsoft Visual Studio Solution File, Format Version 12.00
Project("{FAE04EC0-301F-11D3-BF4B-00C04F79EFBC}") = "KCBin", "KCBin\KCBin.csproj", "{DCE56ACA-57C9-46BE-B1DC-962E797F4E5C}"
EndProject
Project("{FAE04EC0-301F-11D3-BF4B-00C04F79EFBC}") = "KeepersCompound.LGS", "..\lightmapper\KeepersCompound.LGS\KeepersCompound.LGS.csproj", "{AF9BA0F4-59D8-4F30-A9C3-5DC842518678}"
EndProject
Global
	GlobalSection(SolutionConfigurationPlatforms) = preSolution
		Debug|Any CPU = Debug|Any CPU
		Release|Any CPU = Release|Any CPU
	EndGlobalSection
	GlobalSection(ProjectConfigurationPlatforms) = postSolution
		{DCE56ACA-57C9-46BE-B1DC-962E797F4E5C}.Debug|Any CPU.ActiveCfg = Debug|Any CPU
		{DCE56ACA-57C9-46BE-B1DC-962E797F4E5C}.Debug|Any CPU.Build.0 = Debug|Any CPU
		{DCE56ACA-57C9-46BE-B1DC-962E797F4E5C}.Release|Any CPU.ActiveCfg = Release|Any CPU
		{DCE56ACA-57C9-46BE-B1DC-962E797F4E5C}.Release|Any CPU.Build.0 = Release|Any CPU
		{AF9BA0F4-59D8-4F30-A9C3-5DC842518678}.Debug|Any CPU.ActiveCfg = Debug|Any CPU
		{AF9BA0F4-59D8-4F30-A9C3-5DC842518678}.Debug|Any CPU.Build.0 = Debug|Any CPU
		{AF9BA0F4-59D8-4F30-A9C3-5DC842518678}.Release|Any CPU.ActiveCfg = Release|Any CPU
		{AF9BA0F4-59D8-4F30-A9C3-5DC842518678}.Release|Any CPU.Build.0 = Release|Any CPU
	EndGlobalSection
EndGlobal
